
Microsoft Visual Studio Solution File, Format Version 12.00
Project("{FAE04EC0-301F-11D3-BF4B-00C04F79EFBC}") = "OperationsExercise2", "OperationsExercise2\OperationsExercise2.csproj", "{8E42F75A-FF02-42D8-81C3-7BFEDDFF305E}"
EndProject
Global
	GlobalSection(SolutionConfigurationPlatforms) = preSolution
		Debug|Any CPU = Debug|Any CPU
		Release|Any CPU = Release|Any CPU
	EndGlobalSection
	GlobalSection(ProjectConfigurationPlatforms) = postSolution
		{8E42F75A-FF02-42D8-81C3-7BFEDDFF305E}.Debug|Any CPU.ActiveCfg = Debug|Any CPU
		{8E42F75A-FF02-42D8-81C3-7BFEDDFF305E}.Debug|Any CPU.Build.0 = Debug|Any CPU
		{8E42F75A-FF02-42D8-81C3-7BFEDDFF305E}.Release|Any CPU.ActiveCfg = Release|Any CPU
		{8E42F75A-FF02-42D8-81C3-7BFEDDFF305E}.Release|Any CPU.Build.0 = Release|Any CPU
	EndGlobalSection
EndGlobal
